
Microsoft Visual Studio Solution File, Format Version 12.00
# Visual Studio Version 16
VisualStudioVersion = 16.0.31205.134
MinimumVisualStudioVersion = 10.0.40219.1
Project("{FAE04EC0-301F-11D3-BF4B-00C04F79EFBC}") = "WebForms", "WebForms\WebForms.csproj", "{37588BC4-135A-47DD-A35A-D68D0561BC4D}"
EndProject
Global
	GlobalSection(SolutionConfigurationPlatforms) = preSolution
		Debug|Any CPU = Debug|Any CPU
		Release|Any CPU = Release|Any CPU
	EndGlobalSection
	GlobalSection(ProjectConfigurationPlatforms) = postSolution
		{37588BC4-135A-47DD-A35A-D68D0561BC4D}.Debug|Any CPU.ActiveCfg = Debug|Any CPU
		{37588BC4-135A-47DD-A35A-D68D0561BC4D}.Debug|Any CPU.Build.0 = Debug|Any CPU
		{37588BC4-135A-47DD-A35A-D68D0561BC4D}.Release|Any CPU.ActiveCfg = Release|Any CPU
		{37588BC4-135A-47DD-A35A-D68D0561BC4D}.Release|Any CPU.Build.0 = Release|Any CPU
	EndGlobalSection
	GlobalSection(SolutionProperties) = preSolution
		HideSolutionNode = FALSE
	EndGlobalSection
	GlobalSection(ExtensibilityGlobals) = postSolution
		EnterpriseLibraryConfigurationToolBinariesPathV6 = packages\EnterpriseLibrary.Common.6.0.1304.0\lib\NET45;packages\EnterpriseLibrary.Data.6.0.1304.0\lib\NET45
		SolutionGuid = {38EB511B-1BAB-4B65-A000-DCEF619F4955}
	EndGlobalSection
EndGlobal
